
Microsoft Visual Studio Solution File, Format Version 12.00
# Visual Studio Version 17
VisualStudioVersion = 17.10.34916.146
MinimumVisualStudioVersion = 10.0.40219.1
Project("{9A19103F-16F7-4668-BE54-9A1E7A4F7556}") = "EntitiyComponent", "EntitiyComponent\EntitiyComponent.csproj", "{C8F2679D-2C24-487E-B8F7-281492800A36}"
EndProject
Project("{9A19103F-16F7-4668-BE54-9A1E7A4F7556}") = "Repository", "Repository\Repository.csproj", "{520B6AD4-E819-4918-B9B7-A2039372C0D4}"
EndProject
Project("{9A19103F-16F7-4668-BE54-9A1E7A4F7556}") = "UI", "UI\UI.csproj", "{22889695-20C5-4811-B6C6-5DB24014A73C}"
EndProject
Project("{9A19103F-16F7-4668-BE54-9A1E7A4F7556}") = "Infrastructure", "Infrastructure\Infrastructure.csproj", "{BB732101-339B-490B-90B1-F413BB87C057}"
EndProject
Project("{FAE04EC0-301F-11D3-BF4B-00C04F79EFBC}") = "API", "API\API.csproj", "{B3F645C3-CDF7-4FAF-95A8-3F24D3F76001}"
EndProject
Global
	GlobalSection(SolutionConfigurationPlatforms) = preSolution
		Debug|Any CPU = Debug|Any CPU
		Release|Any CPU = Release|Any CPU
	EndGlobalSection
	GlobalSection(ProjectConfigurationPlatforms) = postSolution
		{C8F2679D-2C24-487E-B8F7-281492800A36}.Debug|Any CPU.ActiveCfg = Debug|Any CPU
		{C8F2679D-2C24-487E-B8F7-281492800A36}.Debug|Any CPU.Build.0 = Debug|Any CPU
		{C8F2679D-2C24-487E-B8F7-281492800A36}.Release|Any CPU.ActiveCfg = Release|Any CPU
		{C8F2679D-2C24-487E-B8F7-281492800A36}.Release|Any CPU.Build.0 = Release|Any CPU
		{520B6AD4-E819-4918-B9B7-A2039372C0D4}.Debug|Any CPU.ActiveCfg = Debug|Any CPU
		{520B6AD4-E819-4918-B9B7-A2039372C0D4}.Debug|Any CPU.Build.0 = Debug|Any CPU
		{520B6AD4-E819-4918-B9B7-A2039372C0D4}.Release|Any CPU.ActiveCfg = Release|Any CPU
		{520B6AD4-E819-4918-B9B7-A2039372C0D4}.Release|Any CPU.Build.0 = Release|Any CPU
		{22889695-20C5-4811-B6C6-5DB24014A73C}.Debug|Any CPU.ActiveCfg = Debug|Any CPU
		{22889695-20C5-4811-B6C6-5DB24014A73C}.Debug|Any CPU.Build.0 = Debug|Any CPU
		{22889695-20C5-4811-B6C6-5DB24014A73C}.Release|Any CPU.ActiveCfg = Release|Any CPU
		{22889695-20C5-4811-B6C6-5DB24014A73C}.Release|Any CPU.Build.0 = Release|Any CPU
		{BB732101-339B-490B-90B1-F413BB87C057}.Debug|Any CPU.ActiveCfg = Debug|Any CPU
		{BB732101-339B-490B-90B1-F413BB87C057}.Debug|Any CPU.Build.0 = Debug|Any CPU
		{BB732101-339B-490B-90B1-F413BB87C057}.Release|Any CPU.ActiveCfg = Release|Any CPU
		{BB732101-339B-490B-90B1-F413BB87C057}.Release|Any CPU.Build.0 = Release|Any CPU
		{B3F645C3-CDF7-4FAF-95A8-3F24D3F76001}.Debug|Any CPU.ActiveCfg = Debug|Any CPU
		{B3F645C3-CDF7-4FAF-95A8-3F24D3F76001}.Debug|Any CPU.Build.0 = Debug|Any CPU
		{B3F645C3-CDF7-4FAF-95A8-3F24D3F76001}.Release|Any CPU.ActiveCfg = Release|Any CPU
		{B3F645C3-CDF7-4FAF-95A8-3F24D3F76001}.Release|Any CPU.Build.0 = Release|Any CPU
	EndGlobalSection
	GlobalSection(SolutionProperties) = preSolution
		HideSolutionNode = FALSE
	EndGlobalSection
	GlobalSection(ExtensibilityGlobals) = postSolution
		SolutionGuid = {BA127929-EE1F-4560-864F-694A44FB74AA}
	EndGlobalSection
EndGlobal
